speakeasyVersion: 1.541.0
sources:
    data-source:
        sourceNamespace: avalanche-sdk-data-typescript
        sourceRevisionDigest: sha256:ae5c16d7f137596ae29a0a3a496be5fe1d93e55f80503bd573b0e6b481c8e809
        sourceBlobDigest: sha256:6850fc74f9f682047d15a368028aab7624e42ae7f80f02ff875e45c8989de92c
        tags:
            - latest
            - speakeasy-sdk-regen-1744742395
            - Beta
    devtools-source:
        sourceNamespace: avalanche-sdk-devtools-typescript
        sourceRevisionDigest: sha256:abe3baa6029d46076b0ba19fc3109867bb10989274e1d52ef03e6c5d48bb666a
        sourceBlobDigest: sha256:29db2b26c81f7626dbffc3c9bce5f5b9c18c15a3d3bc7365f640988aa9350f57
        tags:
            - latest
            - speakeasy-sdk-regen-1743886556
            - Beta
    metrics-source:
        sourceNamespace: avalanche-sdk-metrics-typescript
        sourceRevisionDigest: sha256:10d8e7257b5f27901752f14f4f2035ea3aa3b33eae15e74225f4b39068a196e2
        sourceBlobDigest: sha256:9bdadebcc071cffe1b1cc000aace2c974f0b2829009bdc4cabc45056ee5abbf0
        tags:
            - latest
            - speakeasy-sdk-regen-1742582261
            - Beta
    webhooks-source:
        sourceNamespace: avalanche-sdk-webhooks-typescript
        sourceRevisionDigest: sha256:abba434d41056367c7111198edc895bedadcdd460f49b09adcd78f4126acd8bd
        sourceBlobDigest: sha256:9ec5898906495e769e5eba5d438c541d84df56cbf4c27ac6440e9edeabd82dcc
        tags:
            - latest
            - speakeasy-sdk-regen-1744742456
            - Beta
targets:
    avalanche:
        source: metrics-source
        sourceNamespace: avalanche-sdk-metrics-typescript
        sourceRevisionDigest: sha256:a03cf954b8a9ab411af917229e651e87630a12703271f87b13a84eb915444486
        sourceBlobDigest: sha256:fb4668172f91d4f38dc51bc8bc7c0bee11c924c63c8aba6d22d9b4d66302acb1
        codeSamplesNamespace: avalanche-sdk-metrics-typescript-code-samples
        codeSamplesRevisionDigest: sha256:14d9f387e3c309a88f573d5775768b039b089c94117ac33ac188d0b9066898cd
    data-sdk:
        source: data-source
        sourceNamespace: avalanche-sdk-data-typescript
        sourceRevisionDigest: sha256:ae5c16d7f137596ae29a0a3a496be5fe1d93e55f80503bd573b0e6b481c8e809
        sourceBlobDigest: sha256:6850fc74f9f682047d15a368028aab7624e42ae7f80f02ff875e45c8989de92c
        codeSamplesNamespace: avalanche-sdk-data-typescript-code-samples
        codeSamplesRevisionDigest: sha256:63f33403611b55ce5953f8ed71767ac78d998778808e422703e201c0e3b54a68
    devtools-sdk:
        source: devtools-source
        sourceNamespace: avalanche-sdk-devtools-typescript
        sourceRevisionDigest: sha256:abe3baa6029d46076b0ba19fc3109867bb10989274e1d52ef03e6c5d48bb666a
        sourceBlobDigest: sha256:29db2b26c81f7626dbffc3c9bce5f5b9c18c15a3d3bc7365f640988aa9350f57
        codeSamplesNamespace: avalanche-sdk-devtools-typescript-code-samples
        codeSamplesRevisionDigest: sha256:8fce2b0b0840e3f19bb7e83dc3c9799dc679d290f54b39b11858cf4e9b6616b2
    metrics-sdk:
        source: metrics-source
        sourceNamespace: avalanche-sdk-metrics-typescript
        sourceRevisionDigest: sha256:10d8e7257b5f27901752f14f4f2035ea3aa3b33eae15e74225f4b39068a196e2
        sourceBlobDigest: sha256:9bdadebcc071cffe1b1cc000aace2c974f0b2829009bdc4cabc45056ee5abbf0
        codeSamplesNamespace: avalanche-sdk-metrics-typescript-code-samples
        codeSamplesRevisionDigest: sha256:ebe2d00194e11772bbead530421566b352772cf4fbf0453ebcd846b602a0f327
    webhooks-sdk:
        source: webhooks-source
        sourceNamespace: avalanche-sdk-webhooks-typescript
        sourceRevisionDigest: sha256:abba434d41056367c7111198edc895bedadcdd460f49b09adcd78f4126acd8bd
        sourceBlobDigest: sha256:9ec5898906495e769e5eba5d438c541d84df56cbf4c27ac6440e9edeabd82dcc
        codeSamplesNamespace: avalanche-sdk-webhooks-typescript-code-samples
        codeSamplesRevisionDigest: sha256:e2305d8d0e3ed4cdd680bd50404ef4b1998e559f32c3fb2d8fc681494f9910da
workflow:
    workflowVersion: 1.0.0
    speakeasyVersion: latest
    sources:
        data-source:
            inputs:
                - location: https://glacier-api.avax.network/api-json
            overlays:
                - location: data/overlays/overlay.yaml
            registry:
                location: registry.speakeasyapi.dev/avalabs/avalabs/avalanche-sdk-data-typescript
        devtools-source:
            inputs:
                - location: https://popsicle-api.avax.network/api-json
                - location: https://glacier-api.avax.network/api-json
            overlays:
                - location: devtools/overlays/overlay.yaml
            registry:
                location: registry.speakeasyapi.dev/avalabs/avalabs/avalanche-sdk-devtools-typescript
        metrics-source:
            inputs:
                - location: https://popsicle-api.avax.network/api-json
            overlays:
                - location: metrics/overlays/overlay.yaml
            registry:
                location: registry.speakeasyapi.dev/avalabs/avalabs/avalanche-sdk-metrics-typescript
        webhooks-source:
            inputs:
                - location: https://glacier-api.avax.network/api-json
            overlays:
                - location: webhooks/overlays/overlay.yaml
            registry:
                location: registry.speakeasyapi.dev/avalabs/avalabs/avalanche-sdk-webhooks-typescript
    targets:
        data-sdk:
            target: typescript
            source: data-source
            output: data
            publish:
                npm:
                    token: $npm_token
            codeSamples:
                registry:
                    location: registry.speakeasyapi.dev/avalabs/avalabs/avalanche-sdk-data-typescript-code-samples
                langOverride: javascript
                labelOverride:
                    fixedValue: JavaScript
                blocking: false
        devtools-sdk:
            target: typescript
            source: devtools-source
            output: devtools
            publish:
                npm:
                    token: $npm_token
            codeSamples:
                registry:
                    location: registry.speakeasyapi.dev/avalabs/avalabs/avalanche-sdk-devtools-typescript-code-samples
                langOverride: javascript
                labelOverride:
                    fixedValue: JavaScript
                blocking: false
        metrics-sdk:
            target: typescript
            source: metrics-source
            output: metrics
            publish:
                npm:
                    token: $npm_token
            codeSamples:
                registry:
                    location: registry.speakeasyapi.dev/avalabs/avalabs/avalanche-sdk-metrics-typescript-code-samples
                langOverride: javascript
                labelOverride:
                    fixedValue: JavaScript
                blocking: false
        webhooks-sdk:
            target: typescript
            source: webhooks-source
            output: webhooks
            publish:
                npm:
                    token: $npm_token
            codeSamples:
                registry:
                    location: registry.speakeasyapi.dev/avalabs/avalabs/avalanche-sdk-webhooks-typescript-code-samples
                langOverride: javascript
                labelOverride:
                    fixedValue: JavaScript
                blocking: false
