speakeasyVersion: 1.659.0
sources:
    chainkit-source:
        sourceNamespace: avalanche-sdk-chainkit-typescript
        sourceRevisionDigest: sha256:a2725e93698de1ec0e06309de395a7be6b7d18f64148e05150a262aa7f76a608
        sourceBlobDigest: sha256:179e4d223f82564b1c25d36dbf57c7a232d861a96bd54c3ad44089d4262716d7
        tags:
            - latest
            - speakeasy-sdk-regen-1763577819
            - 1.0.0
targets:
    chainkit-sdk:
        source: chainkit-source
        sourceNamespace: avalanche-sdk-chainkit-typescript
        sourceRevisionDigest: sha256:a2725e93698de1ec0e06309de395a7be6b7d18f64148e05150a262aa7f76a608
        sourceBlobDigest: sha256:179e4d223f82564b1c25d36dbf57c7a232d861a96bd54c3ad44089d4262716d7
        codeSamplesNamespace: avalanche-sdk-chainkit-typescript-code-samples
        codeSamplesRevisionDigest: sha256:0f57006ca4e06cd1c43089c12b5c185b31e98856e28bda13e441caafc9f9a6a1
workflow:
    workflowVersion: 1.0.0
    speakeasyVersion: latest
    sources:
        chainkit-source:
            inputs:
                - location: https://metrics.avax.network/api-json
                - location: https://data-api.avax.network/api-json
            overlays:
                - location: chainkit/overlays/overlay.yaml
            registry:
                location: registry.speakeasyapi.dev/avalabs/avalabs/avalanche-sdk-chainkit-typescript
    targets:
        chainkit-sdk:
            target: typescript
            source: chainkit-source
            output: chainkit
            publish:
                npm:
                    token: $npm_token
            codeSamples:
                registry:
                    location: registry.speakeasyapi.dev/avalabs/avalabs/avalanche-sdk-chainkit-typescript-code-samples
                langOverride: javascript
                labelOverride:
                    fixedValue: JavaScript
                blocking: false
