speakeasyVersion: 1.516.0
sources:
    metrics-source:
        sourceNamespace: avalanche-sdk-metrics-typescript
        sourceRevisionDigest: sha256:3934c9b62233b9520de488e804c2ad6db2c9391528ce7170955f7fd699dfe06d
        sourceBlobDigest: sha256:fb4668172f91d4f38dc51bc8bc7c0bee11c924c63c8aba6d22d9b4d66302acb1
        tags:
            - latest
            - speakeasy-sdk-regen-1741719892
            - Beta
targets:
    avalanche:
        source: metrics-source
        sourceNamespace: avalanche-sdk-metrics-typescript
        sourceRevisionDigest: sha256:a03cf954b8a9ab411af917229e651e87630a12703271f87b13a84eb915444486
        sourceBlobDigest: sha256:fb4668172f91d4f38dc51bc8bc7c0bee11c924c63c8aba6d22d9b4d66302acb1
        codeSamplesNamespace: avalanche-sdk-metrics-typescript-code-samples
        codeSamplesRevisionDigest: sha256:14d9f387e3c309a88f573d5775768b039b089c94117ac33ac188d0b9066898cd
    metrics-sdk:
        source: metrics-source
        sourceNamespace: avalanche-sdk-metrics-typescript
        sourceRevisionDigest: sha256:3934c9b62233b9520de488e804c2ad6db2c9391528ce7170955f7fd699dfe06d
        sourceBlobDigest: sha256:fb4668172f91d4f38dc51bc8bc7c0bee11c924c63c8aba6d22d9b4d66302acb1
        codeSamplesNamespace: avalanche-sdk-metrics-typescript-code-samples
        codeSamplesRevisionDigest: sha256:0a7efe41ec771cf5dd21b92e7bbd7e47173ebd1bc96e162f1c230717dc37cfaf
workflow:
    workflowVersion: 1.0.0
    speakeasyVersion: latest
    sources:
        metrics-source:
            inputs:
                - location: https://popsicle-api.avax.network/api-json
            overlays:
                - location: metrics/overlays/overlay.yaml
            registry:
                location: registry.speakeasyapi.dev/avalabs/avalabs/avalanche-sdk-metrics-typescript
    targets:
        metrics-sdk:
            target: typescript
            source: metrics-source
            output: metrics
            codeSamples:
                registry:
                    location: registry.speakeasyapi.dev/avalabs/avalabs/avalanche-sdk-metrics-typescript-code-samples
                langOverride: javascript
                labelOverride:
                    fixedValue: JavaScript
                blocking: false
